version = 1
revision = 2
requires-python = ">=3.10"
resolution-markers = [
    "python_full_version >= '3.11'",
    "python_full_version < '3.11'",
]

[[package]]
name = "avro"
version = "1.12.0"
source = { registry = "https://pypi.org/simple" }
sdist = { url = "https://files.pythonhosted.org/packages/e6/73/48668732bbc8ae1e79b237f84e761204c8dd266c5e16e7601000aba471d3/avro-1.12.0.tar.gz", hash = "sha256:cad9c53b23ceed699c7af6bddced42e2c572fd6b408c257a7d4fc4e8cf2e2d6b", size = 91025, upload-time = "2024-08-05T12:12:57.926Z" }
wheels = [
    { url = "https://files.pythonhosted.org/packages/a8/f9/6c55a90a834594b1c4c6184e8d1b97fa881af84be8e6f4b3ebb2e9d8da19/avro-1.12.0-py2.py3-none-any.whl", hash = "sha256:9a255c72e1837341dd4f6ff57b2b6f68c0f0cecdef62dd04962e10fd33bec05b", size = 124227, upload-time = "2024-08-05T12:12:56.329Z" },
]

[[package]]
name = "cachetools"
version = "5.5.2"
source = { registry = "https://pypi.org/simple" }
sdist = { url = "https://files.pythonhosted.org/packages/6c/81/3747dad6b14fa2cf53fcf10548cf5aea6913e96fab41a3c198676f8948a5/cachetools-5.5.2.tar.gz", hash = "sha256:1a661caa9175d26759571b2e19580f9d6393969e5dfca11fdb1f947a23e640d4", size = 28380, upload-time = "2025-02-20T21:01:19.524Z" }
wheels = [
    { url = "https://files.pythonhosted.org/packages/72/76/20fa66124dbe6be5cafeb312ece67de6b61dd91a0247d1ea13db4ebb33c2/cachetools-5.5.2-py3-none-any.whl", hash = "sha256:d26a22bcc62eb95c3beabd9f1ee5e820d3d2704fe2967cbe350e20c8ffcd3f0a", size = 10080, upload-time = "2025-02-20T21:01:16.647Z" },
]

[[package]]
name = "chardet"
version = "5.2.0"
source = { registry = "https://pypi.org/simple" }
sdist = { url = "https://files.pythonhosted.org/packages/f3/0d/f7b6ab21ec75897ed80c17d79b15951a719226b9fababf1e40ea74d69079/chardet-5.2.0.tar.gz", hash = "sha256:1b3b6ff479a8c414bc3fa2c0852995695c4a026dcd6d0633b2dd092ca39c1cf7", size = 2069618, upload-time = "2023-08-01T19:23:02.662Z" }
wheels = [
    { url = "https://files.pythonhosted.org/packages/38/6f/f5fbc992a329ee4e0f288c1fe0e2ad9485ed064cac731ed2fe47dcc38cbf/chardet-5.2.0-py3-none-any.whl", hash = "sha256:e1cf59446890a00105fe7b7912492ea04b6e6f06d4b742b2c788469e34c82970", size = 199385, upload-time = "2023-08-01T19:23:00.661Z" },
]

[[package]]
name = "colorama"
version = "0.4.6"
source = { registry = "https://pypi.org/simple" }
sdist = { url = "https://files.pythonhosted.org/packages/d8/53/6f443c9a4a8358a93a6792e2acffb9d9d5cb0a5cfd8802644b7b1c9a02e4/colorama-0.4.6.tar.gz", hash = "sha256:08695f5cb7ed6e0531a20572697297273c47b8cae5a63ffc6d6ed5c201be6e44", size = 27697, upload-time = "2022-10-25T02:36:22.414Z" }
wheels = [
    { url = "https://files.pythonhosted.org/packages/d1/d6/3965ed04c63042e047cb6a3e6ed1a63a35087b6a609aa3a15ed8ac56c221/colorama-0.4.6-py2.py3-none-any.whl", hash = "sha256:4f1d9991f5acc0ca119f9d443620b77f9d6b33703e51011c16baf57afb285fc6", size = 25335, upload-time = "2022-10-25T02:36:20.889Z" },
]

[[package]]
name = "confluent-kafka"
version = "2.10.0"
source = { registry = "https://pypi.org/simple" }
sdist = { url = "https://files.pythonhosted.org/packages/a0/c5/22087627478d2cc97b864dd1774c1e2d4007acc22b8f78aec5a7a41f6436/confluent_kafka-2.10.0.tar.gz", hash = "sha256:30a346908f3ad49c4bc1cb5557e7a8ce484190f8633aa18f9b87b2620809ac13", size = 193775, upload-time = "2025-04-17T21:18:43.965Z" }
wheels = [
    { url = "https://files.pythonhosted.org/packages/cc/69/2b88c1ca2d31af5f60117522178189603488cb5390ee4d6fb65e01cdebf0/confluent_kafka-2.10.0-cp310-cp310-macosx_10_9_x86_64.whl", hash = "sha256:635c62a51ec31ff82864043120dbc7c61eb62abf4e0682cc6ee8526e9b04e16d", size = 3532009, upload-time = "2025-04-17T21:16:23.901Z" },
    { url = "https://files.pythonhosted.org/packages/02/91/42a4f4346f48f7d5bf146ce124d9af6acfbcf417175f8ac89d054ef70aa1/confluent_kafka-2.10.0-cp310-cp310-macosx_11_0_arm64.whl", hash = "sha256:32f5ea8ecee98d1c1afd523115cbdb719a6f87b852c19b8898fa76db95ec5f4a", size = 3055597, upload-time = "2025-04-17T21:16:27.788Z" },
    { url = "https://files.pythonhosted.org/packages/23/bb/55602b6bf2ccdfb255aa25da1af7c7e304bb8bb8717d84b26e2425e9946f/confluent_kafka-2.10.0-cp310-cp310-manylinux_2_28_aarch64.whl", hash = "sha256:46734d24b0e0c8fd84b05174a7338a71eb3a7d34a494e4c458838f89c537508f", size = 15256011, upload-time = "2025-04-17T21:16:32.486Z" },
    { url = "https://files.pythonhosted.org/packages/a9/cd/816d9e0af021303ebb8416d862028fd42c498237de1b8a193310635ebccb/confluent_kafka-2.10.0-cp310-cp310-manylinux_2_28_x86_64.whl", hash = "sha256:413d7a3d4caca6b2c28dbe86595ef17af83d679edea403bcb75fd5af3bd5afa7", size = 3848510, upload-time = "2025-04-17T21:16:36.518Z" },
    { url = "https://files.pythonhosted.org/packages/96/d5/a1a6f819d7ed9af04363c98b46105edcf00f9145241e2c33b6c4464e1ec3/confluent_kafka-2.10.0-cp310-cp310-win_amd64.whl", hash = "sha256:7eead1134e3aae9380bf5c923d93e25052cfca5b6a55bf99d11ebadf3ec6f21e", size = 3977132, upload-time = "2025-04-17T21:16:40.041Z" },
    { url = "https://files.pythonhosted.org/packages/b6/46/8e4a8cde59a2c55c179443b521453d1e14ac4229278d34ff25b0df8fa82c/confluent_kafka-2.10.0-cp311-cp311-macosx_10_9_x86_64.whl", hash = "sha256:1448d6a5e8afd99c81221db2fd7cf33bd2079ce04df8ff5882b208911b0112a7", size = 3531501, upload-time = "2025-04-17T21:16:43.349Z" },
    { url = "https://files.pythonhosted.org/packages/87/42/49b99f0e319d2b4d9b4780065bd98f39f1f5caacce5f222f674e7d97e537/confluent_kafka-2.10.0-cp311-cp311-macosx_11_0_arm64.whl", hash = "sha256:965743d6832d3947c29970eeeedcb3728dfe69b5296fd5578fdb18ce39792318", size = 3055041, upload-time = "2025-04-17T21:16:46.61Z" },
    { url = "https://files.pythonhosted.org/packages/29/fb/9dc751fd1a381c3001cd64942d79ae17c95509991352d0f3441c22d4a94d/confluent_kafka-2.10.0-cp311-cp311-manylinux_2_28_aarch64.whl", hash = "sha256:4e4d4350f66eb3c4cd987f603f08974e461ce732dc63741744e09e0b490a3b1d", size = 15255596, upload-time = "2025-04-17T21:16:52.043Z" },
    { url = "https://files.pythonhosted.org/packages/0b/f7/c436c39fb67a0785c90b9813f55d99834f0496c8d68bbd69fb7024ce465b/confluent_kafka-2.10.0-cp311-cp311-manylinux_2_28_x86_64.whl", hash = "sha256:7eae0c1e49fb42e5085555c4387102034c0fe3194e2572049769ef4c30f733cc", size = 3847982, upload-time = "2025-04-17T21:16:56.624Z" },
    { url = "https://files.pythonhosted.org/packages/2e/db/1f068f8566213717f587e18cbecee79173fc4d0ed1a14ece3a9d9c5a9aae/confluent_kafka-2.10.0-cp311-cp311-win_amd64.whl", hash = "sha256:82800e5cf27e21a7bbccb5aa6f2d9114ab253364526b08b0b97614369bf95612", size = 3977139, upload-time = "2025-04-17T21:16:59.796Z" },
    { url = "https://files.pythonhosted.org/packages/c1/fa/00398f8906da8fbefd8732501cffc5910b1a55af03a292b6720c19258c97/confluent_kafka-2.10.0-cp312-cp312-macosx_10_9_x86_64.whl", hash = "sha256:2268a607d374325e3a8fc779d8639de4344ce4d1ad2b88e8f9d13d97baae4e71", size = 3537479, upload-time = "2025-04-17T21:17:02.417Z" },
    { url = "https://files.pythonhosted.org/packages/03/7b/f940f1cd8c25d61cecc5f6ca044871f90370a80bd0d0a6595852151e4669/confluent_kafka-2.10.0-cp312-cp312-macosx_11_0_arm64.whl", hash = "sha256:a89e9ba5c8e18891b3bbf333001a9e12af43bd5bc3c3353065109582f3f078fc", size = 3060467, upload-time = "2025-04-17T21:17:05.342Z" },
    { url = "https://files.pythonhosted.org/packages/8a/f9/a30b62c78178be818a30fab23e826d3c5cdf60f53e2ebb31fa3e5fdded00/confluent_kafka-2.10.0-cp312-cp312-manylinux_2_28_aarch64.whl", hash = "sha256:7252fee8d7287bae71f1a506967b3782e67ba5b699c4d095d16fabce92a63cfd", size = 15260056, upload-time = "2025-04-17T21:17:10.918Z" },
    { url = "https://files.pythonhosted.org/packages/6e/00/b334804360b6490f5dfa910432ad9dbba7f91baa76168299458d03c50e40/confluent_kafka-2.10.0-cp312-cp312-manylinux_2_28_x86_64.whl", hash = "sha256:ddb9400786eedd8a6c0cbcceaddb8329a2597f4c02dc72389e83859da47d22d6", size = 3852443, upload-time = "2025-04-17T21:17:16.996Z" },
    { url = "https://files.pythonhosted.org/packages/c1/21/8c2b37cdc5ef60dee2ed9ac05dd89eaef822d4dd284b7d7e4678aa18aba6/confluent_kafka-2.10.0-cp312-cp312-win_amd64.whl", hash = "sha256:ef5aad8c04c54fe6ef89dc08a4ba24a80be90b05bbbc3348370c1c51222e0a5e", size = 3977821, upload-time = "2025-04-17T21:17:21.253Z" },
    { url = "https://files.pythonhosted.org/packages/e2/3c/db66f729b129e8e35af92571602f522091f753da8f42a7e217d5bed23ad6/confluent_kafka-2.10.0-cp313-cp313-macosx_13_0_arm64.whl", hash = "sha256:10230c3da4cd047cf488cef405f6e209da4e8403c0e52e45b89b1d878420082b", size = 3064500, upload-time = "2025-04-17T21:17:24.272Z" },
    { url = "https://files.pythonhosted.org/packages/ee/9f/569976c299ec40347588b40e61e8bcd065d958741a63159a4d77ca7859df/confluent_kafka-2.10.0-cp313-cp313-macosx_13_0_x86_64.whl", hash = "sha256:514c4a4dcb522aacdc17fa3e2751ae8670553850c9e22844ac997ec6459b3a48", size = 3540404, upload-time = "2025-04-17T21:17:32.051Z" },
    { url = "https://files.pythonhosted.org/packages/48/ce/b44b68ac417cf8602c5dee1115fb27ac174585039f58527ab07584ae1ce9/confluent_kafka-2.10.0-cp313-cp313-manylinux_2_28_aarch64.whl", hash = "sha256:bf706b1ebb540276791b5c42ac624c93195c34782848b24b2da1467caeef479b", size = 15260481, upload-time = "2025-04-17T21:17:38.697Z" },
    { url = "https://files.pythonhosted.org/packages/ba/2e/bd4edabda58dbe94c235b587205ac222633abd6da9c6677832071f85b66c/confluent_kafka-2.10.0-cp313-cp313-manylinux_2_28_x86_64.whl", hash = "sha256:6b8b057d436d82c1b2d819915d03e2b446bfa55403acd440f9222509ba2147de", size = 3852813, upload-time = "2025-04-17T21:17:43.045Z" },
    { url = "https://files.pythonhosted.org/packages/84/5f/5d68af39ed6f1cdbcc49dd412436894303cc03bb851e3f540a9c23d384ac/confluent_kafka-2.10.0-cp313-cp313-win_amd64.whl", hash = "sha256:649ccde18b4f2ff509a16093a06ca13629e4f4b3146d4ef5a82805c869cf8cbd", size = 4037452, upload-time = "2025-04-17T21:17:45.545Z" },
]

[[package]]
name = "distlib"
version = "0.3.9"
source = { registry = "https://pypi.org/simple" }
sdist = { url = "https://files.pythonhosted.org/packages/0d/dd/1bec4c5ddb504ca60fc29472f3d27e8d4da1257a854e1d96742f15c1d02d/distlib-0.3.9.tar.gz", hash = "sha256:a60f20dea646b8a33f3e7772f74dc0b2d0772d2837ee1342a00645c81edf9403", size = 613923, upload-time = "2024-10-09T18:35:47.551Z" }
wheels = [
    { url = "https://files.pythonhosted.org/packages/91/a1/cf2472db20f7ce4a6be1253a81cfdf85ad9c7885ffbed7047fb72c24cf87/distlib-0.3.9-py2.py3-none-any.whl", hash = "sha256:47f8c22fd27c27e25a65601af709b38e4f0a45ea4fc2e710f65755fa8caaaf87", size = 468973, upload-time = "2024-10-09T18:35:44.272Z" },
]

[[package]]
name = "fastavro"
version = "1.10.0"
source = { registry = "https://pypi.org/simple" }
sdist = { url = "https://files.pythonhosted.org/packages/f3/67/7121d2221e998706cac00fa779ec44c1c943cb65e8a7ed1bd57d78d93f2c/fastavro-1.10.0.tar.gz", hash = "sha256:47bf41ac6d52cdfe4a3da88c75a802321321b37b663a900d12765101a5d6886f", size = 987970, upload-time = "2024-12-20T12:56:21.335Z" }
wheels = [
    { url = "https://files.pythonhosted.org/packages/0c/e9/f5813450d672f500c4794a39a7cfea99316cb63d5ea11f215e320ea5243b/fastavro-1.10.0-cp310-cp310-macosx_10_9_universal2.whl", hash = "sha256:1a9fe0672d2caf0fe54e3be659b13de3cad25a267f2073d6f4b9f8862acc31eb", size = 1037355, upload-time = "2024-12-20T12:56:26.386Z" },
    { url = "https://files.pythonhosted.org/packages/6a/41/3f120f72e65f0c80e9bc4f855ac1c9578c8c0e2cdac4d4d4da1f91ca73b9/fastavro-1.10.0-cp310-cp310-manylinux_2_17_aarch64.manylinux2014_aarch64.whl", hash = "sha256:86dd0410770e0c99363788f0584523709d85e57bb457372ec5c285a482c17fe6", size = 3024739, upload-time = "2024-12-20T12:56:30.75Z" },
    { url = "https://files.pythonhosted.org/packages/e1/e3/7d9b019158498b45c383e696ba8733b01535337136e9402b0487afeb92b6/fastavro-1.10.0-cp310-cp310-manylinux_2_17_x86_64.manylinux2014_x86_64.whl", hash = "sha256:190e80dc7d77d03a6a8597a026146b32a0bbe45e3487ab4904dc8c1bebecb26d", size = 3074020, upload-time = "2024-12-20T12:56:34.419Z" },
    { url = "https://files.pythonhosted.org/packages/36/31/7ede5629e66eeb71c234d17a799000e737fe0ffd71ef9e1d57a3510def46/fastavro-1.10.0-cp310-cp310-musllinux_1_2_aarch64.whl", hash = "sha256:bf570d63be9155c3fdc415f60a49c171548334b70fff0679a184b69c29b6bc61", size = 2968623, upload-time = "2024-12-20T12:56:37.911Z" },
    { url = "https://files.pythonhosted.org/packages/10/13/d215411ff5d5de23d6ed62a31eb7f7fa53941681d86bcd5c6388a0918fc3/fastavro-1.10.0-cp310-cp310-musllinux_1_2_x86_64.whl", hash = "sha256:e07abb6798e95dccecaec316265e35a018b523d1f3944ad396d0a93cb95e0a08", size = 3122217, upload-time = "2024-12-20T12:56:40.399Z" },
    { url = "https://files.pythonhosted.org/packages/6a/1d/7a54fac3f90f0dc120b92f244067976831e393789d3b78c08f2b035ccb19/fastavro-1.10.0-cp310-cp310-win_amd64.whl", hash = "sha256:37203097ed11d0b8fd3c004904748777d730cafd26e278167ea602eebdef8eb2", size = 497256, upload-time = "2024-12-20T12:56:42.066Z" },
    { url = "https://files.pythonhosted.org/packages/ac/bf/e7e8e0f841e608dc6f78c746ef2d971fb1f6fe8a9a428d0731ef0abf8b59/fastavro-1.10.0-cp311-cp311-macosx_10_9_universal2.whl", hash = "sha256:d183c075f527ab695a27ae75f210d4a86bce660cda2f85ae84d5606efc15ef50", size = 1040292, upload-time = "2024-12-20T12:56:44.453Z" },
    { url = "https://files.pythonhosted.org/packages/3a/96/43a65881f061bc5ec6dcf39e59f639a7344e822d4caadae748d076aaf4d0/fastavro-1.10.0-cp311-cp311-manylinux_2_17_aarch64.manylinux2014_aarch64.whl", hash = "sha256:d7a95a2c0639bffd7c079b59e9a796bfc3a9acd78acff7088f7c54ade24e4a77", size = 3312624, upload-time = "2024-12-20T12:56:47.479Z" },
    { url = "https://files.pythonhosted.org/packages/c8/45/dba0cc08cf42500dd0f1e552e0fefe1cd81c47099d99277828a1081cbd87/fastavro-1.10.0-cp311-cp311-manylinux_2_17_x86_64.manylinux2014_x86_64.whl", hash = "sha256:0a678153b5da1b024a32ec3f611b2e7afd24deac588cb51dd1b0019935191a6d", size = 3334284, upload-time = "2024-12-20T12:56:51.332Z" },
    { url = "https://files.pythonhosted.org/packages/76/e3/3d9b0824e2e2da56e6a435a70a4db7ed801136daa451577a819bbedc6cf8/fastavro-1.10.0-cp311-cp311-musllinux_1_2_aarch64.whl", hash = "sha256:67a597a5cfea4dddcf8b49eaf8c2b5ffee7fda15b578849185bc690ec0cd0d8f", size = 3283647, upload-time = "2024-12-20T12:56:53.982Z" },
    { url = "https://files.pythonhosted.org/packages/a1/dc/83d985f8212194e8283ebae86491fccde8710fd81d81ef8659e5373f4f1b/fastavro-1.10.0-cp311-cp311-musllinux_1_2_x86_64.whl", hash = "sha256:1fd689724760b17f69565d8a4e7785ed79becd451d1c99263c40cb2d6491f1d4", size = 3419520, upload-time = "2024-12-20T12:56:56.527Z" },
    { url = "https://files.pythonhosted.org/packages/fd/7f/21711a9ec9937c84406e0773ba3fc6f8d66389a364da46618706f9c37d30/fastavro-1.10.0-cp311-cp311-win_amd64.whl", hash = "sha256:4f949d463f9ac4221128a51e4e34e2562f401e5925adcadfd28637a73df6c2d8", size = 499750, upload-time = "2024-12-20T12:56:58.034Z" },
    { url = "https://files.pythonhosted.org/packages/9c/a4/8e69c0a5cd121e5d476237de1bde5a7947f791ae45768ae52ed0d3ea8d18/fastavro-1.10.0-cp312-cp312-macosx_10_13_universal2.whl", hash = "sha256:cfe57cb0d72f304bd0dcc5a3208ca6a7363a9ae76f3073307d095c9d053b29d4", size = 1036343, upload-time = "2024-12-20T12:56:59.557Z" },
    { url = "https://files.pythonhosted.org/packages/1e/01/aa219e2b33e5873d27b867ec0fad9f35f23d461114e1135a7e46c06786d2/fastavro-1.10.0-cp312-cp312-manylinux_2_17_aarch64.manylinux2014_aarch64.whl", hash = "sha256:74e517440c824cb65fb29d3e3903a9406f4d7c75490cef47e55c4c82cdc66270", size = 3263368, upload-time = "2024-12-20T12:57:01.97Z" },
    { url = "https://files.pythonhosted.org/packages/a7/ba/1766e2d7d95df2e95e9e9a089dc7a537c0616720b053a111a918fa7ee6b6/fastavro-1.10.0-cp312-cp312-manylinux_2_17_x86_64.manylinux2014_x86_64.whl", hash = "sha256:203c17d44cadde76e8eecb30f2d1b4f33eb478877552d71f049265dc6f2ecd10", size = 3328933, upload-time = "2024-12-20T12:57:05.898Z" },
    { url = "https://files.pythonhosted.org/packages/2e/40/26e56696b9696ab4fbba25a96b8037ca3f9fd8a8cc55b4b36400ef023e49/fastavro-1.10.0-cp312-cp312-musllinux_1_2_aarch64.whl", hash = "sha256:6575be7f2b5f94023b5a4e766b0251924945ad55e9a96672dc523656d17fe251", size = 3258045, upload-time = "2024-12-20T12:57:12.789Z" },
    { url = "https://files.pythonhosted.org/packages/4e/bc/2f6c92c06c5363372abe828bccdd95762f2c1983b261509f94189c38c8a1/fastavro-1.10.0-cp312-cp312-musllinux_1_2_x86_64.whl", hash = "sha256:fe471deb675ed2f01ee2aac958fbf8ebb13ea00fa4ce7f87e57710a0bc592208", size = 3418001, upload-time = "2024-12-20T12:57:16.556Z" },
    { url = "https://files.pythonhosted.org/packages/0c/ce/cfd16546c04ebbca1be80873b533c788cec76f7bfac231bfac6786047572/fastavro-1.10.0-cp312-cp312-win_amd64.whl", hash = "sha256:567ff515f2a5d26d9674b31c95477f3e6022ec206124c62169bc2ffaf0889089", size = 487855, upload-time = "2024-12-20T12:57:19.335Z" },
    { url = "https://files.pythonhosted.org/packages/c9/c4/163cf154cc694c2dccc70cd6796db6214ac668a1260bf0310401dad188dc/fastavro-1.10.0-cp313-cp313-macosx_10_13_universal2.whl", hash = "sha256:82263af0adfddb39c85f9517d736e1e940fe506dfcc35bc9ab9f85e0fa9236d8", size = 1022741, upload-time = "2024-12-20T12:57:21.055Z" },
    { url = "https://files.pythonhosted.org/packages/38/01/a24598f5f31b8582a92fe9c41bf91caeed50d5b5eaa7576e6f8b23cb488d/fastavro-1.10.0-cp313-cp313-manylinux_2_17_aarch64.manylinux2014_aarch64.whl", hash = "sha256:566c193109ff0ff84f1072a165b7106c4f96050078a4e6ac7391f81ca1ef3efa", size = 3237421, upload-time = "2024-12-20T12:57:24.525Z" },
    { url = "https://files.pythonhosted.org/packages/a7/bf/08bcf65cfb7feb0e5b1329fafeb4a9b95b7b5ec723ba58c7dbd0d04ded34/fastavro-1.10.0-cp313-cp313-manylinux_2_17_x86_64.manylinux2014_x86_64.whl", hash = "sha256:e400d2e55d068404d9fea7c5021f8b999c6f9d9afa1d1f3652ec92c105ffcbdd", size = 3300222, upload-time = "2024-12-20T12:57:28.342Z" },
    { url = "https://files.pythonhosted.org/packages/53/4d/a6c25f3166328f8306ec2e6be1123ed78a55b8ab774a43a661124508881f/fastavro-1.10.0-cp313-cp313-musllinux_1_2_aarch64.whl", hash = "sha256:9b8227497f71565270f9249fc9af32a93644ca683a0167cfe66d203845c3a038", size = 3233276, upload-time = "2024-12-20T12:57:32.303Z" },
    { url = "https://files.pythonhosted.org/packages/47/1c/b2b2ce2bf866a248ae23e96a87b3b8369427ff79be9112073039bee1d245/fastavro-1.10.0-cp313-cp313-musllinux_1_2_x86_64.whl", hash = "sha256:8e62d04c65461b30ac6d314e4197ad666371e97ae8cb2c16f971d802f6c7f514", size = 3388936, upload-time = "2024-12-20T12:57:34.778Z" },
    { url = "https://files.pythonhosted.org/packages/1f/2c/43927e22a2d57587b3aa09765098a6d833246b672d34c10c5f135414745a/fastavro-1.10.0-cp313-cp313-win_amd64.whl", hash = "sha256:86baf8c9740ab570d0d4d18517da71626fe9be4d1142bea684db52bd5adb078f", size = 483967, upload-time = "2024-12-20T12:57:37.618Z" },
]

[[package]]
name = "filelock"
version = "3.18.0"
source = { registry = "https://pypi.org/simple" }
sdist = { url = "https://files.pythonhosted.org/packages/0a/10/c23352565a6544bdc5353e0b15fc1c563352101f30e24bf500207a54df9a/filelock-3.18.0.tar.gz", hash = "sha256:adbc88eabb99d2fec8c9c1b229b171f18afa655400173ddc653d5d01501fb9f2", size = 18075, upload-time = "2025-03-14T07:11:40.47Z" }
wheels = [
    { url = "https://files.pythonhosted.org/packages/4d/36/2a115987e2d8c300a974597416d9de88f2444426de9571f4b59b2cca3acc/filelock-3.18.0-py3-none-any.whl", hash = "sha256:c401f4f8377c4464e6db25fff06205fd89bdd83b65eb0488ed1b160f780e21de", size = 16215, upload-time = "2025-03-14T07:11:39.145Z" },
]

[[package]]
name = "kafka-stubs"
source = { editable = "." }
dependencies = [
    { name = "confluent-kafka" },
]

[package.dev-dependencies]
dev = [
    { name = "avro" },
    { name = "fastavro" },
    { name = "pyright" },
    { name = "ruff" },
    { name = "tox" },
    { name = "tox-uv" },
    { name = "uv" },
]
lint = [
    { name = "avro" },
    { name = "fastavro" },
    { name = "pyright" },
    { name = "ruff" },
]

[package.metadata]
requires-dist = [{ name = "confluent-kafka" }]

[package.metadata.requires-dev]
dev = [
    { name = "avro" },
    { name = "fastavro" },
    { name = "pyright" },
    { name = "ruff" },
    { name = "tox" },
    { name = "tox-uv" },
    { name = "uv" },
]
lint = [
    { name = "avro" },
    { name = "fastavro" },
    { name = "pyright" },
    { name = "ruff" },
]

[[package]]
name = "nodeenv"
version = "1.9.1"
source = { registry = "https://pypi.org/simple" }
sdist = { url = "https://files.pythonhosted.org/packages/43/16/fc88b08840de0e0a72a2f9d8c6bae36be573e475a6326ae854bcc549fc45/nodeenv-1.9.1.tar.gz", hash = "sha256:6ec12890a2dab7946721edbfbcd91f3319c6ccc9aec47be7c7e6b7011ee6645f", size = 47437, upload-time = "2024-06-04T18:44:11.171Z" }
wheels = [
    { url = "https://files.pythonhosted.org/packages/d2/1d/1b658dbd2b9fa9c4c9f32accbfc0205d532c8c6194dc0f2a4c0428e7128a/nodeenv-1.9.1-py2.py3-none-any.whl", hash = "sha256:ba11c9782d29c27c70ffbdda2d7415098754709be8a7056d79a737cd901155c9", size = 22314, upload-time = "2024-06-04T18:44:08.352Z" },
]

[[package]]
name = "packaging"
version = "25.0"
source = { registry = "https://pypi.org/simple" }
sdist = { url = "https://files.pythonhosted.org/packages/a1/d4/1fc4078c65507b51b96ca8f8c3ba19e6a61c8253c72794544580a7b6c24d/packaging-25.0.tar.gz", hash = "sha256:d443872c98d677bf60f6a1f2f8c1cb748e8fe762d2bf9d3148b5599295b0fc4f", size = 165727, upload-time = "2025-04-19T11:48:59.673Z" }
wheels = [
    { url = "https://files.pythonhosted.org/packages/20/12/38679034af332785aac8774540895e234f4d07f7545804097de4b666afd8/packaging-25.0-py3-none-any.whl", hash = "sha256:29572ef2b1f17581046b3a2227d5c611fb25ec70ca1ba8554b24b0e69331a484", size = 66469, upload-time = "2025-04-19T11:48:57.875Z" },
]

[[package]]
name = "platformdirs"
version = "4.3.8"
source = { registry = "https://pypi.org/simple" }
sdist = { url = "https://files.pythonhosted.org/packages/fe/8b/3c73abc9c759ecd3f1f7ceff6685840859e8070c4d947c93fae71f6a0bf2/platformdirs-4.3.8.tar.gz", hash = "sha256:3d512d96e16bcb959a814c9f348431070822a6496326a4be0911c40b5a74c2bc", size = 21362, upload-time = "2025-05-07T22:47:42.121Z" }
wheels = [
    { url = "https://files.pythonhosted.org/packages/fe/39/979e8e21520d4e47a0bbe349e2713c0aac6f3d853d0e5b34d76206c439aa/platformdirs-4.3.8-py3-none-any.whl", hash = "sha256:ff7059bb7eb1179e2685604f4aaf157cfd9535242bd23742eadc3c13542139b4", size = 18567, upload-time = "2025-05-07T22:47:40.376Z" },
]

[[package]]
name = "pluggy"
version = "1.6.0"
source = { registry = "https://pypi.org/simple" }
sdist = { url = "https://files.pythonhosted.org/packages/f9/e2/3e91f31a7d2b083fe6ef3fa267035b518369d9511ffab804f839851d2779/pluggy-1.6.0.tar.gz", hash = "sha256:7dcc130b76258d33b90f61b658791dede3486c3e6bfb003ee5c9bfb396dd22f3", size = 69412, upload-time = "2025-05-15T12:30:07.975Z" }
wheels = [
    { url = "https://files.pythonhosted.org/packages/54/20/4d324d65cc6d9205fabedc306948156824eb9f0ee1633355a8f7ec5c66bf/pluggy-1.6.0-py3-none-any.whl", hash = "sha256:e920276dd6813095e9377c0bc5566d94c932c33b27a3e3945d8389c374dd4746", size = 20538, upload-time = "2025-05-15T12:30:06.134Z" },
]

[[package]]
name = "pyproject-api"
version = "1.9.1"
source = { registry = "https://pypi.org/simple" }
dependencies = [
    { name = "packaging" },
    { name = "tomli", marker = "python_full_version < '3.11'" },
]
sdist = { url = "https://files.pythonhosted.org/packages/19/fd/437901c891f58a7b9096511750247535e891d2d5a5a6eefbc9386a2b41d5/pyproject_api-1.9.1.tar.gz", hash = "sha256:43c9918f49daab37e302038fc1aed54a8c7a91a9fa935d00b9a485f37e0f5335", size = 22710, upload-time = "2025-05-12T14:41:58.025Z" }
wheels = [
    { url = "https://files.pythonhosted.org/packages/ef/e6/c293c06695d4a3ab0260ef124a74ebadba5f4c511ce3a4259e976902c00b/pyproject_api-1.9.1-py3-none-any.whl", hash = "sha256:7d6238d92f8962773dd75b5f0c4a6a27cce092a14b623b811dba656f3b628948", size = 13158, upload-time = "2025-05-12T14:41:56.217Z" },
]

[[package]]
name = "pyright"
version = "1.1.400"
source = { registry = "https://pypi.org/simple" }
dependencies = [
    { name = "nodeenv" },
    { name = "typing-extensions" },
]
sdist = { url = "https://files.pythonhosted.org/packages/6c/cb/c306618a02d0ee8aed5fb8d0fe0ecfed0dbf075f71468f03a30b5f4e1fe0/pyright-1.1.400.tar.gz", hash = "sha256:b8a3ba40481aa47ba08ffb3228e821d22f7d391f83609211335858bf05686bdb", size = 3846546, upload-time = "2025-04-24T12:55:18.907Z" }
wheels = [
    { url = "https://files.pythonhosted.org/packages/c8/a5/5d285e4932cf149c90e3c425610c5efaea005475d5f96f1bfdb452956c62/pyright-1.1.400-py3-none-any.whl", hash = "sha256:c80d04f98b5a4358ad3a35e241dbf2a408eee33a40779df365644f8054d2517e", size = 5563460, upload-time = "2025-04-24T12:55:17.002Z" },
]

[[package]]
name = "ruff"
version = "0.11.10"
source = { registry = "https://pypi.org/simple" }
sdist = { url = "https://files.pythonhosted.org/packages/e8/4c/4a3c5a97faaae6b428b336dcca81d03ad04779f8072c267ad2bd860126bf/ruff-0.11.10.tar.gz", hash = "sha256:d522fb204b4959909ecac47da02830daec102eeb100fb50ea9554818d47a5fa6", size = 4165632, upload-time = "2025-05-15T14:08:56.76Z" }
wheels = [
    { url = "https://files.pythonhosted.org/packages/2f/9f/596c628f8824a2ce4cd12b0f0b4c0629a62dfffc5d0f742c19a1d71be108/ruff-0.11.10-py3-none-linux_armv6l.whl", hash = "sha256:859a7bfa7bc8888abbea31ef8a2b411714e6a80f0d173c2a82f9041ed6b50f58", size = 10316243, upload-time = "2025-05-15T14:08:12.884Z" },
    { url = "https://files.pythonhosted.org/packages/3c/38/c1e0b77ab58b426f8c332c1d1d3432d9fc9a9ea622806e208220cb133c9e/ruff-0.11.10-py3-none-macosx_10_12_x86_64.whl", hash = "sha256:968220a57e09ea5e4fd48ed1c646419961a0570727c7e069842edd018ee8afed", size = 11083636, upload-time = "2025-05-15T14:08:16.551Z" },
    { url = "https://files.pythonhosted.org/packages/23/41/b75e15961d6047d7fe1b13886e56e8413be8467a4e1be0a07f3b303cd65a/ruff-0.11.10-py3-none-macosx_11_0_arm64.whl", hash = "sha256:1067245bad978e7aa7b22f67113ecc6eb241dca0d9b696144256c3a879663bca", size = 10441624, upload-time = "2025-05-15T14:08:19.032Z" },
    { url = "https://files.pythonhosted.org/packages/b6/2c/e396b6703f131406db1811ea3d746f29d91b41bbd43ad572fea30da1435d/ruff-0.11.10-py3-none-manylinux_2_17_aarch64.manylinux2014_aarch64.whl", hash = "sha256:f4854fd09c7aed5b1590e996a81aeff0c9ff51378b084eb5a0b9cd9518e6cff2", size = 10624358, upload-time = "2025-05-15T14:08:21.542Z" },
    { url = "https://files.pythonhosted.org/packages/bd/8c/ee6cca8bdaf0f9a3704796022851a33cd37d1340bceaf4f6e991eb164e2e/ruff-0.11.10-py3-none-manylinux_2_17_armv7l.manylinux2014_armv7l.whl", hash = "sha256:8b4564e9f99168c0f9195a0fd5fa5928004b33b377137f978055e40008a082c5", size = 10176850, upload-time = "2025-05-15T14:08:23.682Z" },
    { url = "https://files.pythonhosted.org/packages/e9/ce/4e27e131a434321b3b7c66512c3ee7505b446eb1c8a80777c023f7e876e6/ruff-0.11.10-py3-none-manylinux_2_17_i686.manylinux2014_i686.whl", hash = "sha256:5b6a9cc5b62c03cc1fea0044ed8576379dbaf751d5503d718c973d5418483641", size = 11759787, upload-time = "2025-05-15T14:08:25.733Z" },
    { url = "https://files.pythonhosted.org/packages/58/de/1e2e77fc72adc7cf5b5123fd04a59ed329651d3eab9825674a9e640b100b/ruff-0.11.10-py3-none-manylinux_2_17_ppc64.manylinux2014_ppc64.whl", hash = "sha256:607ecbb6f03e44c9e0a93aedacb17b4eb4f3563d00e8b474298a201622677947", size = 12430479, upload-time = "2025-05-15T14:08:28.013Z" },
    { url = "https://files.pythonhosted.org/packages/07/ed/af0f2340f33b70d50121628ef175523cc4c37619e98d98748c85764c8d88/ruff-0.11.10-py3-none-manylinux_2_17_ppc64le.manylinux2014_ppc64le.whl", hash = "sha256:7b3a522fa389402cd2137df9ddefe848f727250535c70dafa840badffb56b7a4", size = 11919760, upload-time = "2025-05-15T14:08:30.956Z" },
    { url = "https://files.pythonhosted.org/packages/24/09/d7b3d3226d535cb89234390f418d10e00a157b6c4a06dfbe723e9322cb7d/ruff-0.11.10-py3-none-manylinux_2_17_s390x.manylinux2014_s390x.whl", hash = "sha256:2f071b0deed7e9245d5820dac235cbdd4ef99d7b12ff04c330a241ad3534319f", size = 14041747, upload-time = "2025-05-15T14:08:33.297Z" },
    { url = "https://files.pythonhosted.org/packages/62/b3/a63b4e91850e3f47f78795e6630ee9266cb6963de8f0191600289c2bb8f4/ruff-0.11.10-py3-none-manylinux_2_17_x86_64.manylinux2014_x86_64.whl", hash = "sha256:4a60e3a0a617eafba1f2e4186d827759d65348fa53708ca547e384db28406a0b", size = 11550657, upload-time = "2025-05-15T14:08:35.639Z" },
    { url = "https://files.pythonhosted.org/packages/46/63/a4f95c241d79402ccdbdb1d823d156c89fbb36ebfc4289dce092e6c0aa8f/ruff-0.11.10-py3-none-musllinux_1_2_aarch64.whl", hash = "sha256:da8ec977eaa4b7bf75470fb575bea2cb41a0e07c7ea9d5a0a97d13dbca697bf2", size = 10489671, upload-time = "2025-05-15T14:08:38.437Z" },
    { url = "https://files.pythonhosted.org/packages/6a/9b/c2238bfebf1e473495659c523d50b1685258b6345d5ab0b418ca3f010cd7/ruff-0.11.10-py3-none-musllinux_1_2_armv7l.whl", hash = "sha256:ddf8967e08227d1bd95cc0851ef80d2ad9c7c0c5aab1eba31db49cf0a7b99523", size = 10160135, upload-time = "2025-05-15T14:08:41.247Z" },
    { url = "https://files.pythonhosted.org/packages/ba/ef/ba7251dd15206688dbfba7d413c0312e94df3b31b08f5d695580b755a899/ruff-0.11.10-py3-none-musllinux_1_2_i686.whl", hash = "sha256:5a94acf798a82db188f6f36575d80609072b032105d114b0f98661e1679c9125", size = 11170179, upload-time = "2025-05-15T14:08:43.762Z" },
    { url = "https://files.pythonhosted.org/packages/73/9f/5c336717293203ba275dbfa2ea16e49b29a9fd9a0ea8b6febfc17e133577/ruff-0.11.10-py3-none-musllinux_1_2_x86_64.whl", hash = "sha256:3afead355f1d16d95630df28d4ba17fb2cb9c8dfac8d21ced14984121f639bad", size = 11626021, upload-time = "2025-05-15T14:08:46.451Z" },
    { url = "https://files.pythonhosted.org/packages/d9/2b/162fa86d2639076667c9aa59196c020dc6d7023ac8f342416c2f5ec4bda0/ruff-0.11.10-py3-none-win32.whl", hash = "sha256:dc061a98d32a97211af7e7f3fa1d4ca2fcf919fb96c28f39551f35fc55bdbc19", size = 10494958, upload-time = "2025-05-15T14:08:49.601Z" },
    { url = "https://files.pythonhosted.org/packages/24/f3/66643d8f32f50a4b0d09a4832b7d919145ee2b944d43e604fbd7c144d175/ruff-0.11.10-py3-none-win_amd64.whl", hash = "sha256:5cc725fbb4d25b0f185cb42df07ab6b76c4489b4bfb740a175f3a59c70e8a224", size = 11650285, upload-time = "2025-05-15T14:08:52.392Z" },
    { url = "https://files.pythonhosted.org/packages/95/3a/2e8704d19f376c799748ff9cb041225c1d59f3e7711bc5596c8cfdc24925/ruff-0.11.10-py3-none-win_arm64.whl", hash = "sha256:ef69637b35fb8b210743926778d0e45e1bffa850a7c61e428c6b971549b5f5d1", size = 10765278, upload-time = "2025-05-15T14:08:54.56Z" },
]

[[package]]
name = "tomli"
version = "2.2.1"
source = { registry = "https://pypi.org/simple" }
sdist = { url = "https://files.pythonhosted.org/packages/18/87/302344fed471e44a87289cf4967697d07e532f2421fdaf868a303cbae4ff/tomli-2.2.1.tar.gz", hash = "sha256:cd45e1dc79c835ce60f7404ec8119f2eb06d38b1deba146f07ced3bbc44505ff", size = 17175, upload-time = "2024-11-27T22:38:36.873Z" }
wheels = [
    { url = "https://files.pythonhosted.org/packages/43/ca/75707e6efa2b37c77dadb324ae7d9571cb424e61ea73fad7c56c2d14527f/tomli-2.2.1-cp311-cp311-macosx_10_9_x86_64.whl", hash = "sha256:678e4fa69e4575eb77d103de3df8a895e1591b48e740211bd1067378c69e8249", size = 131077, upload-time = "2024-11-27T22:37:54.956Z" },
    { url = "https://files.pythonhosted.org/packages/c7/16/51ae563a8615d472fdbffc43a3f3d46588c264ac4f024f63f01283becfbb/tomli-2.2.1-cp311-cp311-macosx_11_0_arm64.whl", hash = "sha256:023aa114dd824ade0100497eb2318602af309e5a55595f76b626d6d9f3b7b0a6", size = 123429, upload-time = "2024-11-27T22:37:56.698Z" },
    { url = "https://files.pythonhosted.org/packages/f1/dd/4f6cd1e7b160041db83c694abc78e100473c15d54620083dbd5aae7b990e/tomli-2.2.1-cp311-cp311-manylinux_2_17_aarch64.manylinux2014_aarch64.whl", hash = "sha256:ece47d672db52ac607a3d9599a9d48dcb2f2f735c6c2d1f34130085bb12b112a", size = 226067, upload-time = "2024-11-27T22:37:57.63Z" },
    { url = "https://files.pythonhosted.org/packages/a9/6b/c54ede5dc70d648cc6361eaf429304b02f2871a345bbdd51e993d6cdf550/tomli-2.2.1-cp311-cp311-manylinux_2_17_x86_64.manylinux2014_x86_64.whl", hash = "sha256:6972ca9c9cc9f0acaa56a8ca1ff51e7af152a9f87fb64623e31d5c83700080ee", size = 236030, upload-time = "2024-11-27T22:37:59.344Z" },
    { url = "https://files.pythonhosted.org/packages/1f/47/999514fa49cfaf7a92c805a86c3c43f4215621855d151b61c602abb38091/tomli-2.2.1-cp311-cp311-manylinux_2_5_i686.manylinux1_i686.manylinux_2_17_i686.manylinux2014_i686.whl", hash = "sha256:c954d2250168d28797dd4e3ac5cf812a406cd5a92674ee4c8f123c889786aa8e", size = 240898, upload-time = "2024-11-27T22:38:00.429Z" },
    { url = "https://files.pythonhosted.org/packages/73/41/0a01279a7ae09ee1573b423318e7934674ce06eb33f50936655071d81a24/tomli-2.2.1-cp311-cp311-musllinux_1_2_aarch64.whl", hash = "sha256:8dd28b3e155b80f4d54beb40a441d366adcfe740969820caf156c019fb5c7ec4", size = 229894, upload-time = "2024-11-27T22:38:02.094Z" },
    { url = "https://files.pythonhosted.org/packages/55/18/5d8bc5b0a0362311ce4d18830a5d28943667599a60d20118074ea1b01bb7/tomli-2.2.1-cp311-cp311-musllinux_1_2_i686.whl", hash = "sha256:e59e304978767a54663af13c07b3d1af22ddee3bb2fb0618ca1593e4f593a106", size = 245319, upload-time = "2024-11-27T22:38:03.206Z" },
    { url = "https://files.pythonhosted.org/packages/92/a3/7ade0576d17f3cdf5ff44d61390d4b3febb8a9fc2b480c75c47ea048c646/tomli-2.2.1-cp311-cp311-musllinux_1_2_x86_64.whl", hash = "sha256:33580bccab0338d00994d7f16f4c4ec25b776af3ffaac1ed74e0b3fc95e885a8", size = 238273, upload-time = "2024-11-27T22:38:04.217Z" },
    { url = "https://files.pythonhosted.org/packages/72/6f/fa64ef058ac1446a1e51110c375339b3ec6be245af9d14c87c4a6412dd32/tomli-2.2.1-cp311-cp311-win32.whl", hash = "sha256:465af0e0875402f1d226519c9904f37254b3045fc5084697cefb9bdde1ff99ff", size = 98310, upload-time = "2024-11-27T22:38:05.908Z" },
    { url = "https://files.pythonhosted.org/packages/6a/1c/4a2dcde4a51b81be3530565e92eda625d94dafb46dbeb15069df4caffc34/tomli-2.2.1-cp311-cp311-win_amd64.whl", hash = "sha256:2d0f2fdd22b02c6d81637a3c95f8cd77f995846af7414c5c4b8d0545afa1bc4b", size = 108309, upload-time = "2024-11-27T22:38:06.812Z" },
    { url = "https://files.pythonhosted.org/packages/52/e1/f8af4c2fcde17500422858155aeb0d7e93477a0d59a98e56cbfe75070fd0/tomli-2.2.1-cp312-cp312-macosx_10_13_x86_64.whl", hash = "sha256:4a8f6e44de52d5e6c657c9fe83b562f5f4256d8ebbfe4ff922c495620a7f6cea", size = 132762, upload-time = "2024-11-27T22:38:07.731Z" },
    { url = "https://files.pythonhosted.org/packages/03/b8/152c68bb84fc00396b83e7bbddd5ec0bd3dd409db4195e2a9b3e398ad2e3/tomli-2.2.1-cp312-cp312-macosx_11_0_arm64.whl", hash = "sha256:8d57ca8095a641b8237d5b079147646153d22552f1c637fd3ba7f4b0b29167a8", size = 123453, upload-time = "2024-11-27T22:38:09.384Z" },
    { url = "https://files.pythonhosted.org/packages/c8/d6/fc9267af9166f79ac528ff7e8c55c8181ded34eb4b0e93daa767b8841573/tomli-2.2.1-cp312-cp312-manylinux_2_17_aarch64.manylinux2014_aarch64.whl", hash = "sha256:4e340144ad7ae1533cb897d406382b4b6fede8890a03738ff1683af800d54192", size = 233486, upload-time = "2024-11-27T22:38:10.329Z" },
    { url = "https://files.pythonhosted.org/packages/5c/51/51c3f2884d7bab89af25f678447ea7d297b53b5a3b5730a7cb2ef6069f07/tomli-2.2.1-cp312-cp312-manylinux_2_17_x86_64.manylinux2014_x86_64.whl", hash = "sha256:db2b95f9de79181805df90bedc5a5ab4c165e6ec3fe99f970d0e302f384ad222", size = 242349, upload-time = "2024-11-27T22:38:11.443Z" },
    { url = "https://files.pythonhosted.org/packages/ab/df/bfa89627d13a5cc22402e441e8a931ef2108403db390ff3345c05253935e/tomli-2.2.1-cp312-cp312-manylinux_2_5_i686.manylinux1_i686.manylinux_2_17_i686.manylinux2014_i686.whl", hash = "sha256:40741994320b232529c802f8bc86da4e1aa9f413db394617b9a256ae0f9a7f77", size = 252159, upload-time = "2024-11-27T22:38:13.099Z" },
    { url = "https://files.pythonhosted.org/packages/9e/6e/fa2b916dced65763a5168c6ccb91066f7639bdc88b48adda990db10c8c0b/tomli-2.2.1-cp312-cp312-musllinux_1_2_aarch64.whl", hash = "sha256:400e720fe168c0f8521520190686ef8ef033fb19fc493da09779e592861b78c6", size = 237243, upload-time = "2024-11-27T22:38:14.766Z" },
    { url = "https://files.pythonhosted.org/packages/b4/04/885d3b1f650e1153cbb93a6a9782c58a972b94ea4483ae4ac5cedd5e4a09/tomli-2.2.1-cp312-cp312-musllinux_1_2_i686.whl", hash = "sha256:02abe224de6ae62c19f090f68da4e27b10af2b93213d36cf44e6e1c5abd19fdd", size = 259645, upload-time = "2024-11-27T22:38:15.843Z" },
    { url = "https://files.pythonhosted.org/packages/9c/de/6b432d66e986e501586da298e28ebeefd3edc2c780f3ad73d22566034239/tomli-2.2.1-cp312-cp312-musllinux_1_2_x86_64.whl", hash = "sha256:b82ebccc8c8a36f2094e969560a1b836758481f3dc360ce9a3277c65f374285e", size = 244584, upload-time = "2024-11-27T22:38:17.645Z" },
    { url = "https://files.pythonhosted.org/packages/1c/9a/47c0449b98e6e7d1be6cbac02f93dd79003234ddc4aaab6ba07a9a7482e2/tomli-2.2.1-cp312-cp312-win32.whl", hash = "sha256:889f80ef92701b9dbb224e49ec87c645ce5df3fa2cc548664eb8a25e03127a98", size = 98875, upload-time = "2024-11-27T22:38:19.159Z" },
    { url = "https://files.pythonhosted.org/packages/ef/60/9b9638f081c6f1261e2688bd487625cd1e660d0a85bd469e91d8db969734/tomli-2.2.1-cp312-cp312-win_amd64.whl", hash = "sha256:7fc04e92e1d624a4a63c76474610238576942d6b8950a2d7f908a340494e67e4", size = 109418, upload-time = "2024-11-27T22:38:20.064Z" },
    { url = "https://files.pythonhosted.org/packages/04/90/2ee5f2e0362cb8a0b6499dc44f4d7d48f8fff06d28ba46e6f1eaa61a1388/tomli-2.2.1-cp313-cp313-macosx_10_13_x86_64.whl", hash = "sha256:f4039b9cbc3048b2416cc57ab3bda989a6fcf9b36cf8937f01a6e731b64f80d7", size = 132708, upload-time = "2024-11-27T22:38:21.659Z" },
    { url = "https://files.pythonhosted.org/packages/c0/ec/46b4108816de6b385141f082ba99e315501ccd0a2ea23db4a100dd3990ea/tomli-2.2.1-cp313-cp313-macosx_11_0_arm64.whl", hash = "sha256:286f0ca2ffeeb5b9bd4fcc8d6c330534323ec51b2f52da063b11c502da16f30c", size = 123582, upload-time = "2024-11-27T22:38:22.693Z" },
    { url = "https://files.pythonhosted.org/packages/a0/bd/b470466d0137b37b68d24556c38a0cc819e8febe392d5b199dcd7f578365/tomli-2.2.1-cp313-cp313-manylinux_2_17_aarch64.manylinux2014_aarch64.whl", hash = "sha256:a92ef1a44547e894e2a17d24e7557a5e85a9e1d0048b0b5e7541f76c5032cb13", size = 232543, upload-time = "2024-11-27T22:38:24.367Z" },
    { url = "https://files.pythonhosted.org/packages/d9/e5/82e80ff3b751373f7cead2815bcbe2d51c895b3c990686741a8e56ec42ab/tomli-2.2.1-cp313-cp313-manylinux_2_17_x86_64.manylinux2014_x86_64.whl", hash = "sha256:9316dc65bed1684c9a98ee68759ceaed29d229e985297003e494aa825ebb0281", size = 241691, upload-time = "2024-11-27T22:38:26.081Z" },
    { url = "https://files.pythonhosted.org/packages/05/7e/2a110bc2713557d6a1bfb06af23dd01e7dde52b6ee7dadc589868f9abfac/tomli-2.2.1-cp313-cp313-manylinux_2_5_i686.manylinux1_i686.manylinux_2_17_i686.manylinux2014_i686.whl", hash = "sha256:e85e99945e688e32d5a35c1ff38ed0b3f41f43fad8df0bdf79f72b2ba7bc5272", size = 251170, upload-time = "2024-11-27T22:38:27.921Z" },
    { url = "https://files.pythonhosted.org/packages/64/7b/22d713946efe00e0adbcdfd6d1aa119ae03fd0b60ebed51ebb3fa9f5a2e5/tomli-2.2.1-cp313-cp313-musllinux_1_2_aarch64.whl", hash = "sha256:ac065718db92ca818f8d6141b5f66369833d4a80a9d74435a268c52bdfa73140", size = 236530, upload-time = "2024-11-27T22:38:29.591Z" },
    { url = "https://files.pythonhosted.org/packages/38/31/3a76f67da4b0cf37b742ca76beaf819dca0ebef26d78fc794a576e08accf/tomli-2.2.1-cp313-cp313-musllinux_1_2_i686.whl", hash = "sha256:d920f33822747519673ee656a4b6ac33e382eca9d331c87770faa3eef562aeb2", size = 258666, upload-time = "2024-11-27T22:38:30.639Z" },
    { url = "https://files.pythonhosted.org/packages/07/10/5af1293da642aded87e8a988753945d0cf7e00a9452d3911dd3bb354c9e2/tomli-2.2.1-cp313-cp313-musllinux_1_2_x86_64.whl", hash = "sha256:a198f10c4d1b1375d7687bc25294306e551bf1abfa4eace6650070a5c1ae2744", size = 243954, upload-time = "2024-11-27T22:38:31.702Z" },
    { url = "https://files.pythonhosted.org/packages/5b/b9/1ed31d167be802da0fc95020d04cd27b7d7065cc6fbefdd2f9186f60d7bd/tomli-2.2.1-cp313-cp313-win32.whl", hash = "sha256:d3f5614314d758649ab2ab3a62d4f2004c825922f9e370b29416484086b264ec", size = 98724, upload-time = "2024-11-27T22:38:32.837Z" },
    { url = "https://files.pythonhosted.org/packages/c7/32/b0963458706accd9afcfeb867c0f9175a741bf7b19cd424230714d722198/tomli-2.2.1-cp313-cp313-win_amd64.whl", hash = "sha256:a38aa0308e754b0e3c67e344754dff64999ff9b513e691d0e786265c93583c69", size = 109383, upload-time = "2024-11-27T22:38:34.455Z" },
    { url = "https://files.pythonhosted.org/packages/6e/c2/61d3e0f47e2b74ef40a68b9e6ad5984f6241a942f7cd3bbfbdbd03861ea9/tomli-2.2.1-py3-none-any.whl", hash = "sha256:cb55c73c5f4408779d0cf3eef9f762b9c9f147a77de7b258bef0a5628adc85cc", size = 14257, upload-time = "2024-11-27T22:38:35.385Z" },
]

[[package]]
name = "tox"
version = "4.26.0"
source = { registry = "https://pypi.org/simple" }
dependencies = [
    { name = "cachetools" },
    { name = "chardet" },
    { name = "colorama" },
    { name = "filelock" },
    { name = "packaging" },
    { name = "platformdirs" },
    { name = "pluggy" },
    { name = "pyproject-api" },
    { name = "tomli", marker = "python_full_version < '3.11'" },
    { name = "typing-extensions", marker = "python_full_version < '3.11'" },
    { name = "virtualenv" },
]
sdist = { url = "https://files.pythonhosted.org/packages/fd/3c/dcec0c00321a107f7f697fd00754c5112572ea6dcacb40b16d8c3eea7c37/tox-4.26.0.tar.gz", hash = "sha256:a83b3b67b0159fa58e44e646505079e35a43317a62d2ae94725e0586266faeca", size = 197260, upload-time = "2025-05-13T15:04:28.481Z" }
wheels = [
    { url = "https://files.pythonhosted.org/packages/de/14/f58b4087cf248b18c795b5c838c7a8d1428dfb07cb468dad3ec7f54041ab/tox-4.26.0-py3-none-any.whl", hash = "sha256:75f17aaf09face9b97bd41645028d9f722301e912be8b4c65a3f938024560224", size = 172761, upload-time = "2025-05-13T15:04:26.207Z" },
]

[[package]]
name = "tox-uv"
version = "1.25.0"
source = { registry = "https://pypi.org/simple" }
dependencies = [
    { name = "packaging" },
    { name = "tox" },
    { name = "uv" },
]
sdist = { url = "https://files.pythonhosted.org/packages/5d/3a/3e445f25978a716ba6674f33f687d9336d0312086a277a778a5e9e9220d7/tox_uv-1.25.0.tar.gz", hash = "sha256:59ee5e694c41fef7bbcf058f22a5f9b6a8509698def2ea60c08554f4e36b9fcc", size = 21114, upload-time = "2025-02-21T16:37:51.796Z" }
wheels = [
    { url = "https://files.pythonhosted.org/packages/3c/a7/f5c29e0e6faaccefcab607f672b176927144e9412c8183d21301ea2a6f6c/tox_uv-1.25.0-py3-none-any.whl", hash = "sha256:50cfe7795dcd49b2160d7d65b5ece8717f38cfedc242c852a40ec0a71e159bf7", size = 16431, upload-time = "2025-02-21T16:37:49.657Z" },
]

[[package]]
name = "typing-extensions"
version = "4.13.2"
source = { registry = "https://pypi.org/simple" }
sdist = { url = "https://files.pythonhosted.org/packages/f6/37/23083fcd6e35492953e8d2aaaa68b860eb422b34627b13f2ce3eb6106061/typing_extensions-4.13.2.tar.gz", hash = "sha256:e6c81219bd689f51865d9e372991c540bda33a0379d5573cddb9a3a23f7caaef", size = 106967, upload-time = "2025-04-10T14:19:05.416Z" }
wheels = [
    { url = "https://files.pythonhosted.org/packages/8b/54/b1ae86c0973cc6f0210b53d508ca3641fb6d0c56823f288d108bc7ab3cc8/typing_extensions-4.13.2-py3-none-any.whl", hash = "sha256:a439e7c04b49fec3e5d3e2beaa21755cadbbdc391694e28ccdd36ca4a1408f8c", size = 45806, upload-time = "2025-04-10T14:19:03.967Z" },
]

[[package]]
name = "uv"
version = "0.7.4"
source = { registry = "https://pypi.org/simple" }
sdist = { url = "https://files.pythonhosted.org/packages/c2/88/a45282af0e0e7e8b28e536ef8f4db16c41d8735f67387a0b0e75690e5410/uv-0.7.4.tar.gz", hash = "sha256:0cc0eee98197f3cd77a4cbf3fd22cebdcea9e77d3f21e74698548ed008ef54a1", size = 3248243, upload-time = "2025-05-15T17:20:51.03Z" }
wheels = [
    { url = "https://files.pythonhosted.org/packages/86/45/16e1231a50d9dcc01951ffff4cc58c6e4db1d7a1ac63cd53158a525e4c3b/uv-0.7.4-py3-none-linux_armv6l.whl", hash = "sha256:c73ad2342c50c8ee970af52ef96643bbc6109f5e969ae92c867f3e6876c3c1e5", size = 16703271, upload-time = "2025-05-15T17:19:55.58Z" },
    { url = "https://files.pythonhosted.org/packages/eb/bc/1d4ccd3cd667bcd774ce592f426522547eee08257d56bf4f48faf33cdc58/uv-0.7.4-py3-none-macosx_10_12_x86_64.whl", hash = "sha256:5f077ef9e857321e6c585e7c97b4310b10edbd21de709449bbef26f932093bb2", size = 16810017, upload-time = "2025-05-15T17:20:04.38Z" },
    { url = "https://files.pythonhosted.org/packages/78/ca/93e48c19a781fab5c056bd412620b21f148ff29358825f8c52a1e7cb30ea/uv-0.7.4-py3-none-macosx_11_0_arm64.whl", hash = "sha256:425a53513a89aefc3819adad7fc06c963220e700f997d86569b4be3ab00f0d5b", size = 15601262, upload-time = "2025-05-15T17:20:06.836Z" },
    { url = "https://files.pythonhosted.org/packages/12/cb/0d5e3b5186d41b6efcdd114a942c6566a49b05e0d92492badf1cb38233ba/uv-0.7.4-py3-none-manylinux_2_17_aarch64.manylinux2014_aarch64.musllinux_1_1_aarch64.whl", hash = "sha256:b2bfa5fb120d11d381ac69ab82dc67c9be7b10770243cc50a2739828dc230811", size = 16072847, upload-time = "2025-05-15T17:20:12.615Z" },
    { url = "https://files.pythonhosted.org/packages/e3/20/369c14d3b5627fc46cae99a3ddc8b2a35fac5dbbbd7d472b1c063811d993/uv-0.7.4-py3-none-manylinux_2_17_armv7l.manylinux2014_armv7l.whl", hash = "sha256:7e68a2412931f3d22d1bf115e3351baadb109a598f66ed97f3cc482382af595c", size = 16419885, upload-time = "2025-05-15T17:20:15.466Z" },
    { url = "https://files.pythonhosted.org/packages/c7/7e/c00478753bd79f896069737a131255dc285f3072c97699ad847c8eb9e8cf/uv-0.7.4-py3-none-manylinux_2_17_i686.manylinux2014_i686.whl", hash = "sha256:6a77cc279eda15e3ffe570b850a84bc574762aaf29e6aa04c897928ce8af11de", size = 17171816, upload-time = "2025-05-15T17:20:18.227Z" },
    { url = "https://files.pythonhosted.org/packages/3d/e0/aac7ad3784f43a383c814bee8d630eaedf6bb42f555425c37674a2b708ac/uv-0.7.4-py3-none-manylinux_2_17_ppc64.manylinux2014_ppc64.whl", hash = "sha256:22080e86f65d6ce2e7b349ccc31f36fd841bbc565c210edd839c13a967488ed8", size = 18092012, upload-time = "2025-05-15T17:20:21.93Z" },
    { url = "https://files.pythonhosted.org/packages/51/15/ce65d03c74096956f8fad875594b77c1a3013b2b860fb282ce3d802bbdbd/uv-0.7.4-py3-none-manylinux_2_17_ppc64le.manylinux2014_ppc64le.whl", hash = "sha256:0b4d60c9a350cc8f58097f550256d110c73d605857f2fefa6bb86c49992dec70", size = 17807579, upload-time = "2025-05-15T17:20:24.37Z" },
    { url = "https://files.pythonhosted.org/packages/26/e0/496ce2ae5d7375b7131e473815ad9376bb16056c61020dc3664f55ccdaae/uv-0.7.4-py3-none-manylinux_2_17_s390x.manylinux2014_s390x.whl", hash = "sha256:a8e841406af442ae104b569b0f420c915da51c853de14e8feaf503c9faedecb4", size = 22127058, upload-time = "2025-05-15T17:20:26.935Z" },
    { url = "https://files.pythonhosted.org/packages/aa/55/0021d14b1282604bd35181589e024cc01da83b7552fc94dcbe3b8a1e5d6d/uv-0.7.4-py3-none-manylinux_2_17_x86_64.manylinux2014_x86_64.whl", hash = "sha256:6555b82afa27e6061ea12405027bf3f72b02da59c706e82fb1ce36710b1c431f", size = 17466209, upload-time = "2025-05-15T17:20:29.505Z" },
    { url = "https://files.pythonhosted.org/packages/1e/b9/0f8061f7cd62322cb084fbae7575855735f4a9bf8f9825f70d4cc2407495/uv-0.7.4-py3-none-manylinux_2_28_aarch64.whl", hash = "sha256:40b73b40d9bdc95e6f04472bd4264ab12a2a8f379df99329c9f670d6647715b2", size = 16308756, upload-time = "2025-05-15T17:20:31.925Z" },
    { url = "https://files.pythonhosted.org/packages/38/b6/7c6e7c8dd3f4953017efba81fb76f81c92dae360cbf10eeae42803cc5bec/uv-0.7.4-py3-none-musllinux_1_1_armv7l.whl", hash = "sha256:81babf4715a2475bf8eadf5fa85971cd12401d13c98df83975e842f8eaff2573", size = 16392780, upload-time = "2025-05-15T17:20:35.667Z" },
    { url = "https://files.pythonhosted.org/packages/b3/0d/10a75067a4f72195aa0e434deb459f37b2882e682cf87a7a590650f26744/uv-0.7.4-py3-none-musllinux_1_1_i686.whl", hash = "sha256:62368eaf4ac1647bdbbf88fa503c24ccd1d41cde4345be9ecb003cb2dc468490", size = 16696987, upload-time = "2025-05-15T17:20:38.06Z" },
    { url = "https://files.pythonhosted.org/packages/7e/9d/6cf15c2569be1e6bf5a7c2268e5cfffc4b47be0a8e5194897e332661c222/uv-0.7.4-py3-none-musllinux_1_1_x86_64.whl", hash = "sha256:06f259352d741f447a1fa4bb34348e251e3c0ee2dd43c9da6fdec6ab3ef9c80f", size = 17594523, upload-time = "2025-05-15T17:20:40.422Z" },
    { url = "https://files.pythonhosted.org/packages/9d/8e/53eba571935e4690614907520301e7ea80fef4da32334f3ab17358ba5669/uv-0.7.4-py3-none-win32.whl", hash = "sha256:f2f633b3a780db64b83dc472135154e2776e4e8a6583e3c2190aa30188a137b2", size = 16922842, upload-time = "2025-05-15T17:20:43.269Z" },
    { url = "https://files.pythonhosted.org/packages/2c/59/2c16c8849368db60fe4a7e6fad421d3d1ce681b095610ba5b3308a9307f0/uv-0.7.4-py3-none-win_amd64.whl", hash = "sha256:9cd8efc3a42f88e88cdc8e69b3147b7cb39fac1fd933b465e1b07dc879506aae", size = 18412095, upload-time = "2025-05-15T17:20:46.128Z" },
    { url = "https://files.pythonhosted.org/packages/19/ef/969cce4f142e8ac27a4240ea0f3d98e2ab487c5dbd8dc36210d76ab14cd0/uv-0.7.4-py3-none-win_arm64.whl", hash = "sha256:6a93abb21b67b52de8f9a720b6f650cdc20b3b664623f7ab4881185b8bc36eb7", size = 17047485, upload-time = "2025-05-15T17:20:49.069Z" },
]

[[package]]
name = "virtualenv"
version = "20.31.2"
source = { registry = "https://pypi.org/simple" }
dependencies = [
    { name = "distlib" },
    { name = "filelock" },
    { name = "platformdirs" },
]
sdist = { url = "https://files.pythonhosted.org/packages/56/2c/444f465fb2c65f40c3a104fd0c495184c4f2336d65baf398e3c75d72ea94/virtualenv-20.31.2.tar.gz", hash = "sha256:e10c0a9d02835e592521be48b332b6caee6887f332c111aa79a09b9e79efc2af", size = 6076316, upload-time = "2025-05-08T17:58:23.811Z" }
wheels = [
    { url = "https://files.pythonhosted.org/packages/f3/40/b1c265d4b2b62b58576588510fc4d1fe60a86319c8de99fd8e9fec617d2c/virtualenv-20.31.2-py3-none-any.whl", hash = "sha256:36efd0d9650ee985f0cad72065001e66d49a6f24eb44d98980f630686243cf11", size = 6057982, upload-time = "2025-05-08T17:58:21.15Z" },
]
